
Microsoft Visual Studio Solution File, Format Version 12.00
# Visual Studio Version 17
VisualStudioVersion = 17.5.002.0
MinimumVisualStudioVersion = 10.0.40219.1
Project("{2150E333-8FDC-42A3-9474-1A3956D46DE8}") = "GuidedProject", "GuidedProject", "{837B530F-50F2-4843-BA6E-EDBC4C633636}"
EndProject
Project("{9A19103F-16F7-4668-BE54-9A1E7A4F7556}") = "Final", "GuidedProject\Final\Final.csproj", "{36E30288-94C3-47B9-92D4-C847F3E09EEF}"
EndProject
Project("{9A19103F-16F7-4668-BE54-9A1E7A4F7556}") = "Starter", "GuidedProject\Starter\Starter.csproj", "{7454A204-F520-4ADB-9AA6-A89D3D05B725}"
EndProject
Global
	GlobalSection(SolutionConfigurationPlatforms) = preSolution
		Debug|Any CPU = Debug|Any CPU
		Release|Any CPU = Release|Any CPU
	EndGlobalSection
	GlobalSection(ProjectConfigurationPlatforms) = postSolution
		{36E30288-94C3-47B9-92D4-C847F3E09EEF}.Debug|Any CPU.ActiveCfg = Debug|Any CPU
		{36E30288-94C3-47B9-92D4-C847F3E09EEF}.Debug|Any CPU.Build.0 = Debug|Any CPU
		{36E30288-94C3-47B9-92D4-C847F3E09EEF}.Release|Any CPU.ActiveCfg = Release|Any CPU
		{36E30288-94C3-47B9-92D4-C847F3E09EEF}.Release|Any CPU.Build.0 = Release|Any CPU
		{7454A204-F520-4ADB-9AA6-A89D3D05B725}.Debug|Any CPU.ActiveCfg = Debug|Any CPU
		{7454A204-F520-4ADB-9AA6-A89D3D05B725}.Debug|Any CPU.Build.0 = Debug|Any CPU
		{7454A204-F520-4ADB-9AA6-A89D3D05B725}.Release|Any CPU.ActiveCfg = Release|Any CPU
		{7454A204-F520-4ADB-9AA6-A89D3D05B725}.Release|Any CPU.Build.0 = Release|Any CPU
	EndGlobalSection
	GlobalSection(SolutionProperties) = preSolution
		HideSolutionNode = FALSE
	EndGlobalSection
	GlobalSection(NestedProjects) = preSolution
		{36E30288-94C3-47B9-92D4-C847F3E09EEF} = {837B530F-50F2-4843-BA6E-EDBC4C633636}
		{7454A204-F520-4ADB-9AA6-A89D3D05B725} = {837B530F-50F2-4843-BA6E-EDBC4C633636}
	EndGlobalSection
	GlobalSection(ExtensibilityGlobals) = postSolution
		SolutionGuid = {889FFCD2-CCC0-4BD4-B8E2-31F3D16AA4F0}
	EndGlobalSection
EndGlobal
